version = 1

[[packages]]
name = "licrypto"
version = "0.1.0"
dependencies = [
  "rstd-std",
  "rstd-test",
]

[[packages]]
name = "litobook"
version = "0.1.0"
dependencies = [
  "litodoc-core",
  "litodoc-web",
  "rstd-argparse",
  "rstd-std",
]

[[packages]]
name = "litodoc"
version = "0.1.0"
dependencies = [
  "licrypto",
  "litodoc-core",
  "litodoc-web",
  "rstd-json",
  "rstd-std",
]

[[packages]]
name = "litodoc-core"
version = "0.1.0"
dependencies = [
  "licrypto",
  "rstd-json",
  "rstd-serde",
  "rstd-std",
  "rstd-toml",
]

[[packages]]
name = "litodoc-tests"
version = "0.1.0"
dependencies = [
  "licrypto",
  "litodoc-core",
  "litodoc-web",
  "rstd-std",
  "rstd-test",
]

[[packages]]
name = "litodoc-web"
version = "0.1.0"
dependencies = [
  "litodoc-core",
  "rstd-std",
]

[[packages.externals]]
name = "build-tool:esbuild:linux"
source = "archive+https://registry.npmjs.org/@esbuild/linux-arm64/-/linux-arm64-0.28.1.tgz"
checksum = "sha256:2145e9e686c95ee47c1181f83f272f0ff95820e52d7736fdcd9eeb106fd6456a"
architectures = [
  "aarch64",
]

[[packages.externals]]
name = "build-tool:esbuild:linux"
source = "archive+https://registry.npmjs.org/@esbuild/linux-x64/-/linux-x64-0.28.1.tgz"
checksum = "sha256:9ed00ab5330c94386f3273eda99a1fb0e8f37cfd6cb5270e4ad2fe3527da3546"
architectures = [
  "x86_64",
]

[[packages]]
name = "rstd-alloc"
version = "0.1.0"
source = "git+https://github.com/litocpp/rstd.git#fdb99aaa894d76b04032cd301ac82b5ee6e3ec6d"
dependencies = [
  "rstd-core",
  "rstd-runtime",
]

[[packages]]
name = "rstd-argparse"
version = "0.1.0"
source = "git+https://github.com/litocpp/rstd.git#fdb99aaa894d76b04032cd301ac82b5ee6e3ec6d"
dependencies = [
  "rstd-std",
]

[[packages]]
name = "rstd-basic"
version = "0.1.0"
source = "git+https://github.com/litocpp/rstd.git#fdb99aaa894d76b04032cd301ac82b5ee6e3ec6d"

[[packages]]
name = "rstd-core"
version = "0.1.0"
source = "git+https://github.com/litocpp/rstd.git#fdb99aaa894d76b04032cd301ac82b5ee6e3ec6d"
dependencies = [
  "rstd-basic",
  "rstd-runtime",
]

[[packages]]
name = "rstd-json"
version = "0.1.0"
source = "git+https://github.com/litocpp/rstd.git#fdb99aaa894d76b04032cd301ac82b5ee6e3ec6d"
dependencies = [
  "rstd-core",
  "rstd-parse",
  "rstd-serde",
  "rstd-std",
]

[[packages]]
name = "rstd-parse"
version = "0.1.0"
source = "git+https://github.com/litocpp/rstd.git#fdb99aaa894d76b04032cd301ac82b5ee6e3ec6d"
dependencies = [
  "rstd-alloc",
  "rstd-core",
]

[[packages]]
name = "rstd-runtime"
version = "0.1.0"
source = "git+https://github.com/litocpp/rstd.git#fdb99aaa894d76b04032cd301ac82b5ee6e3ec6d"
dependencies = [
  "rstd-basic",
]

[[packages]]
name = "rstd-serde"
version = "0.1.0"
source = "git+https://github.com/litocpp/rstd.git#fdb99aaa894d76b04032cd301ac82b5ee6e3ec6d"
dependencies = [
  "rstd-alloc",
]

[[packages]]
name = "rstd-std"
version = "0.1.0"
source = "git+https://github.com/litocpp/rstd.git#fdb99aaa894d76b04032cd301ac82b5ee6e3ec6d"
dependencies = [
  "rstd-alloc",
  "rstd-core",
]

[[packages]]
name = "rstd-test"
version = "0.1.0"
source = "git+https://github.com/litocpp/rstd.git#fdb99aaa894d76b04032cd301ac82b5ee6e3ec6d"
dependencies = [
  "rstd-std",
]

[[packages]]
name = "rstd-toml"
version = "0.1.0"
source = "git+https://github.com/litocpp/rstd.git#fdb99aaa894d76b04032cd301ac82b5ee6e3ec6d"
dependencies = [
  "rstd-alloc",
  "rstd-core",
  "rstd-parse",
  "rstd-serde",
]
